# THIS IS AN AUTOGENERATED FILE. DO NOT EDIT THIS FILE DIRECTLY.
# yarn lockfile v1


autoprefixer@^10.4.15:
  version "10.4.15"
  resolved "https://registry.yarnpkg.com/autoprefixer/-/autoprefixer-10.4.15.tgz#a1230f4aeb3636b89120b34a1f513e2f6834d530"
  integrity sha512-KCuPB8ZCIqFdA4HwKXsvz7j6gvSDNhDP7WnUjBleRkKjPdvCmHFuQ77ocavI8FT6NdvlBnE2UFr2H4Mycn8Vew==
  dependencies:
    browserslist "^4.21.10"
    caniuse-lite "^1.0.30001520"
    fraction.js "^4.2.0"
    normalize-range "^0.1.2"
    picocolors "^1.0.0"
    postcss-value-parser "^4.2.0"

bootstrap-icons@^1.10.5:
  version "1.10.5"
  resolved "https://registry.yarnpkg.com/bootstrap-icons/-/bootstrap-icons-1.10.5.tgz#5a1bbb1bb2212397d416587db1d422cc9501847c"
  integrity sha512-oSX26F37V7QV7NCE53PPEL45d7EGXmBgHG3pDpZvcRaKVzWMqIRL9wcqJUyEha1esFtM3NJzvmxFXDxjJYD0jQ==

bootstrap@^5.3.1:
  version "5.3.1"
  resolved "https://registry.yarnpkg.com/bootstrap/-/bootstrap-5.3.1.tgz#8ca07040ad15d7f75891d1504cf14c5dedfb1cfe"
  integrity sha512-jzwza3Yagduci2x0rr9MeFSORjcHpt0lRZukZPZQJT1Dth5qzV7XcgGqYzi39KGAVYR8QEDVoO0ubFKOxzMG+g==

browserslist@^4.21.10:
  version "4.21.10"
  resolved "https://registry.yarnpkg.com/browserslist/-/browserslist-4.21.10.tgz#dbbac576628c13d3b2231332cb2ec5a46e015bb0"
  integrity sha512-bipEBdZfVH5/pwrvqc+Ub0kUPVfGUhlKxbvfD+z1BDnPEO/X98ruXGA1WP5ASpAFKan7Qr6j736IacbZQuAlKQ==
  dependencies:
    caniuse-lite "^1.0.30001517"
    electron-to-chromium "^1.4.477"
    node-releases "^2.0.13"
    update-browserslist-db "^1.0.11"

caniuse-lite@^1.0.30001517, caniuse-lite@^1.0.30001520:
  version "1.0.30001522"
  resolved "https://registry.yarnpkg.com/caniuse-lite/-/caniuse-lite-1.0.30001522.tgz#44b87a406c901269adcdb834713e23582dd71856"
  integrity sha512-TKiyTVZxJGhsTszLuzb+6vUZSjVOAhClszBr2Ta2k9IwtNBT/4dzmL6aywt0HCgEZlmwJzXJd8yNiob6HgwTRg==

electron-to-chromium@^1.4.477:
  version "1.4.499"
  resolved "https://registry.yarnpkg.com/electron-to-chromium/-/electron-to-chromium-1.4.499.tgz#dc36b67f4c8e273524e8d2080c5203a6a76987b6"
  integrity sha512-0NmjlYBLKVHva4GABWAaHuPJolnDuL0AhV3h1hES6rcLCWEIbRL6/8TghfsVwkx6TEroQVdliX7+aLysUpKvjw==

escalade@^3.1.1:
  version "3.1.1"
  resolved "https://registry.yarnpkg.com/escalade/-/escalade-3.1.1.tgz#d8cfdc7000965c5a0174b4a82eaa5c0552742e40"
  integrity sha512-k0er2gUkLf8O0zKJiAhmkTnJlTvINGv7ygDNPbeIsX/TJjGJZHuh9B2UxbsaEkmlEo9MfhrSzmhIlhRlI2GXnw==

fraction.js@^4.2.0:
  version "4.2.1"
  resolved "https://registry.yarnpkg.com/fraction.js/-/fraction.js-4.2.1.tgz#14b4cc886575a5684f8d5fd5759c5db376bb7bb8"
  integrity sha512-/KxoyCnPM0GwYI4NN0Iag38Tqt+od3/mLuguepLgCAKPn0ZhC544nssAW0tG2/00zXEYl9W+7hwAIpLHo6Oc7Q==

nanoid@^3.3.6:
  version "3.3.6"
  resolved "https://registry.yarnpkg.com/nanoid/-/nanoid-3.3.6.tgz#443380c856d6e9f9824267d960b4236ad583ea4c"
  integrity sha512-BGcqMMJuToF7i1rt+2PWSNVnWIkGCU78jBG3RxO/bZlnZPK2Cmi2QaffxGO/2RvWi9sL+FAiRiXMgsyxQ1DIDA==

node-releases@^2.0.13:
  version "2.0.13"
  resolved "https://registry.yarnpkg.com/node-releases/-/node-releases-2.0.13.tgz#d5ed1627c23e3461e819b02e57b75e4899b1c81d"
  integrity sha512-uYr7J37ae/ORWdZeQ1xxMJe3NtdmqMC/JZK+geofDrkLUApKRHPd18/TxtBOJ4A0/+uUIliorNrfYV6s1b02eQ==

normalize-range@^0.1.2:
  version "0.1.2"
  resolved "https://registry.yarnpkg.com/normalize-range/-/normalize-range-0.1.2.tgz#2d10c06bdfd312ea9777695a4d28439456b75942"
  integrity sha512-bdok/XvKII3nUpklnV6P2hxtMNrCboOjAcyBuQnWEhO665FwrSNRxU+AqpsyvO6LgGYPspN+lu5CLtw4jPRKNA==

picocolors@^1.0.0:
  version "1.0.0"
  resolved "https://registry.yarnpkg.com/picocolors/-/picocolors-1.0.0.tgz#cb5bdc74ff3f51892236eaf79d68bc44564ab81c"
  integrity sha512-1fygroTLlHu66zi26VoTDv8yRgm0Fccecssto+MhsZ0D/DGW2sm8E8AjW7NU5VVTRt5GxbeZ5qBuJr+HyLYkjQ==

postcss-value-parser@^4.2.0:
  version "4.2.0"
  resolved "https://registry.yarnpkg.com/postcss-value-parser/-/postcss-value-parser-4.2.0.tgz#723c09920836ba6d3e5af019f92bc0971c02e514"
  integrity sha512-1NNCs6uurfkVbeXG4S8JFT9t19m45ICnif8zWLd5oPSZ50QnwMfK+H3jv408d4jw/7Bttv5axS5IiHoLaVNHeQ==

postcss@^8.4.28:
  version "8.4.28"
  resolved "https://registry.yarnpkg.com/postcss/-/postcss-8.4.28.tgz#c6cc681ed00109072816e1557f889ef51cf950a5"
  integrity sha512-Z7V5j0cq8oEKyejIKfpD8b4eBy9cwW2JWPk0+fB1HOAMsfHbnAXLLS+PfVWlzMSLQaWttKDt607I0XHmpE67Vw==
  dependencies:
    nanoid "^3.3.6"
    picocolors "^1.0.0"
    source-map-js "^1.0.2"

source-map-js@^1.0.2:
  version "1.0.2"
  resolved "https://registry.yarnpkg.com/source-map-js/-/source-map-js-1.0.2.tgz#adbc361d9c62df380125e7f161f71c826f1e490c"
  integrity sha512-R0XvVJ9WusLiqTCEiGCmICCMplcCkIwwR11mOSD9CR5u+IXYdiseeEuXCVAjS54zqwkLcPNnmU4OeJ6tUrWhDw==

update-browserslist-db@^1.0.11:
  version "1.0.11"
  resolved "https://registry.yarnpkg.com/update-browserslist-db/-/update-browserslist-db-1.0.11.tgz#9a2a641ad2907ae7b3616506f4b977851db5b940"
  integrity sha512-dCwEFf0/oT85M1fHBg4F0jtLwJrutGoHSQXCh7u4o2t1drG+c0a9Flnqww6XUKSfQMPpJBRjU8d4RXB09qtvaA==
  dependencies:
    escalade "^3.1.1"
    picocolors "^1.0.0"
